PODS:
  - AppAuth (1.4.0):
    - AppAuth/Core (= 1.4.0)
    - AppAuth/ExternalUserAgent (= 1.4.0)
  - AppAuth/Core (1.4.0)
  - AppAuth/ExternalUserAgent (1.4.0)
  - DACircularProgress (2.3.1)
  - ESTabBarController-swift (2.8.0)
  - GoogleSignIn (5.0.2):
    - AppAuth (~> 1.2)
    - GTMAppAuth (~> 1.0)
    - GTMSessionFetcher/Core (~> 1.1)
  - GTMAppAuth (1.2.1):
    - AppAuth/Core (~> 1.4)
    - GTMSessionFetcher/Core (~> 1.5)
  - GTMSessionFetcher/Core (1.5.0)
  - MBProgressHUD (1.2.0)
  - MJRefresh (3.5.0)
  - SideMenuSwift (2.0.7)
  - SVPinView (1.0.11)
  - SwiftyUserDefaults (5.3.0)

DEPENDENCIES:
  - DACircularProgress
  - ESTabBarController-swift
  - GoogleSignIn
  - MBProgressHUD
  - MJRefresh
  - SideMenuSwift
  - SVPinView
  - SwiftyUserDefaults

SPEC REPOS:
  trunk:
    - AppAuth
    - DACircularProgress
    - ESTabBarController-swift
    - GoogleSignIn
    - GTMAppAuth
    - GTMSessionFetcher
    - MBProgressHUD
    - MJRefresh
    - SideMenuSwift
    - SVPinView
    - SwiftyUserDefaults

SPEC CHECKSUMS:
  AppAuth: 31bcec809a638d7bd2f86ea8a52bd45f6e81e7c7
  DACircularProgress: 4dd437c0fc3da5161cb289e07ac449493d41db71
  ESTabBarController-swift: 05593a6ad64700b03c0eb60ff625916370aa4136
  GoogleSignIn: 7137d297ddc022a7e0aa4619c86d72c909fa7213
  GTMAppAuth: 5b53231ef6920f149ab84b2969cb0ab572da3077
  GTMSessionFetcher: b3503b20a988c4e20cc189aa798fd18220133f52
  MBProgressHUD: 3ee5efcc380f6a79a7cc9b363dd669c5e1ae7406
  MJRefresh: 6afc955813966afb08305477dd7a0d9ad5e79a16
  SideMenuSwift: ffbbc88d23741932177ad1320df837cedfb3bc5e
  SVPinView: 9b538d0ba68cdb092afe4f0f67ec84cbed079466
  SwiftyUserDefaults: 63f80248cf5bfb3458825d9a78f2eb7e1293a040

PODFILE CHECKSUM: 82dc6b25a0ecb7533bea8296f88f5d78070bb651

COCOAPODS: 1.10.1
