{
  "object": {
    "pins": [
      {
        "package": "DeviceKit",
        "repositoryURL": "https://github.com/devicekit/DeviceKit.git",
        "state": {
          "branch": null,
          "revision": "70f1564e4218f0b68b73a4a795cb31aee5696f08",
          "version": "4.4.0"
        }
      },
      {
        "package": "Facebook",
        "repositoryURL": "https://github.com/facebook/facebook-ios-sdk.git",
        "state": {
          "branch": null,
          "revision": "8c6eeab820a3c6a3a638dd48c67270ad559410b4",
          "version": "11.0.1"
        }
      },
      {
        "package": "IQKeyboardManagerSwift",
        "repositoryURL": "https://github.com/hackiftekhar/IQKeyboardManager.git",
        "state": {
          "branch": null,
          "revision": "4dc6bc7d1c9747bd0c261c8c055903f9fdef91f7",
          "version": "6.5.6"
        }
      },
      {
        "package": "KeyboardAvoidingView",
        "repositoryURL": "https://github.com/APUtils/KeyboardAvoidingView.git",
        "state": {
          "branch": null,
          "revision": "5f85be8f39a7328c3f8c8c822c6874c268a1ea14",
          "version": "5.1.1"
        }
      },
      {
        "package": "Kingfisher",
        "repositoryURL": "https://github.com/onevcat/Kingfisher.git",
        "state": {
          "branch": null,
          "revision": "44450a8f564d7c0165f736ba2250649ff8d3e556",
          "version": "6.3.0"
        }
      },
      {
        "package": "NVActivityIndicatorView",
        "repositoryURL": "https://github.com/ninjaprox/NVActivityIndicatorView.git",
        "state": {
          "branch": null,
          "revision": "bcb52371f2259254bac6690f92bb474a61768c47",
          "version": "5.1.1"
        }
      },
      {
        "package": "SwifterSwift",
        "repositoryURL": "https://github.com/SwifterSwift/SwifterSwift.git",
        "state": {
          "branch": null,
          "revision": "dc813f3aa92f904a009fe543b99d5649dce7c134",
          "version": "5.2.0"
        }
      },
      {
        "package": "SwiftMessages",
        "repositoryURL": "https://github.com/SwiftKickMobile/SwiftMessages.git",
        "state": {
          "branch": null,
          "revision": "ba6c3e7284a531965feff058ba36784f30017843",
          "version": "9.0.2"
        }
      },
      {
        "package": "SwiftyJSON",
        "repositoryURL": "https://github.com/SwiftyJSON/SwiftyJSON.git",
        "state": {
          "branch": null,
          "revision": "b3dcd7dbd0d488e1a7077cb33b00f2083e382f07",
          "version": "5.0.1"
        }
      },
      {
        "package": "SwiftyUserDefaults",
        "repositoryURL": "https://github.com/sunshinejr/SwiftyUserDefaults.git",
        "state": {
          "branch": null,
          "revision": "f66bcd04088582c8fbb5cb8554d577e303bae396",
          "version": "5.3.0"
        }
      },
      {
        "package": "TweeTextField",
        "repositoryURL": "https://github.com/oleghnidets/TweeTextField.git",
        "state": {
          "branch": null,
          "revision": "b712e44c1fe4020ee20f9d494572a9762ea5a59c",
          "version": "1.6.3"
        }
      },
      {
        "package": "ViewState",
        "repositoryURL": "https://github.com/APUtils/ViewState.git",
        "state": {
          "branch": null,
          "revision": "f59044bee010f67ad17dad5af553433d7806a00f",
          "version": "1.2.2"
        }
      }
    ]
  },
  "version": 1
}
